
Microsoft Visual Studio Solution File, Format Version 12.00
# Visual Studio Version 17
VisualStudioVersion = 17.13.35825.156 d17.13
MinimumVisualStudioVersion = 10.0.40219.1
Project("{FAE04EC0-301F-11D3-BF4B-00C04F79EFBC}") = "BookRepublic", "BookRepublic\BookRepublic.csproj", "{475BD4DF-D5B2-4D36-9B6C-71BDC1E37598}"
EndProject
Global
	GlobalSection(SolutionConfigurationPlatforms) = preSolution
		Debug|Any CPU = Debug|Any CPU
		Release|Any CPU = Release|Any CPU
	EndGlobalSection
	GlobalSection(ProjectConfigurationPlatforms) = postSolution
		{475BD4DF-D5B2-4D36-9B6C-71BDC1E37598}.Debug|Any CPU.ActiveCfg = Debug|Any CPU
		{475BD4DF-D5B2-4D36-9B6C-71BDC1E37598}.Debug|Any CPU.Build.0 = Debug|Any CPU
		{475BD4DF-D5B2-4D36-9B6C-71BDC1E37598}.Release|Any CPU.ActiveCfg = Release|Any CPU
		{475BD4DF-D5B2-4D36-9B6C-71BDC1E37598}.Release|Any CPU.Build.0 = Release|Any CPU
	EndGlobalSection
	GlobalSection(SolutionProperties) = preSolution
		HideSolutionNode = FALSE
	EndGlobalSection
	GlobalSection(ExtensibilityGlobals) = postSolution
		SolutionGuid = {2D394CFF-A4CA-418D-AF2C-033E0CC8ABF2}
	EndGlobalSection
EndGlobal
